
Microsoft Visual Studio Solution File, Format Version 12.00
# Visual Studio 14
VisualStudioVersion = 14.0.23107.0
MinimumVisualStudioVersion = 10.0.40219.1
Project("{FAE04EC0-301F-11D3-BF4B-00C04F79EFBC}") = "Step8", "Step8\Step8\Step8.csproj", "{89B1D2A3-38F2-4BD1-A2A4-C19533D42F18}"
EndProject
Project("{96E2B04D-8817-42C6-938A-82C39BA4D311}") = "Step8Content", "Step8\Step8Content\Step8Content.contentproj", "{8A7B6362-9E39-4964-BD14-6DA73EE544BC}"
EndProject
Global
	GlobalSection(SolutionConfigurationPlatforms) = preSolution
		Debug|x86 = Debug|x86
		Release|x86 = Release|x86
	EndGlobalSection
	GlobalSection(ProjectConfigurationPlatforms) = postSolution
		{89B1D2A3-38F2-4BD1-A2A4-C19533D42F18}.Debug|x86.ActiveCfg = Debug|x86
		{89B1D2A3-38F2-4BD1-A2A4-C19533D42F18}.Debug|x86.Build.0 = Debug|x86
		{89B1D2A3-38F2-4BD1-A2A4-C19533D42F18}.Release|x86.ActiveCfg = Release|x86
		{89B1D2A3-38F2-4BD1-A2A4-C19533D42F18}.Release|x86.Build.0 = Release|x86
		{8A7B6362-9E39-4964-BD14-6DA73EE544BC}.Debug|x86.ActiveCfg = Debug|x86
		{8A7B6362-9E39-4964-BD14-6DA73EE544BC}.Release|x86.ActiveCfg = Release|x86
	EndGlobalSection
	GlobalSection(SolutionProperties) = preSolution
		HideSolutionNode = FALSE
	EndGlobalSection
EndGlobal
